
Microsoft Visual Studio Solution File, Format Version 12.00
# Visual Studio Version 17
VisualStudioVersion = 17.0.31903.59
MinimumVisualStudioVersion = 10.0.40219.1
Project("{FAE04EC0-301F-11D3-BF4B-00C04F79EFBC}") = "MathApi", "MathApi\MathApi.csproj", "{D20E6B38-C357-4199-8902-E9F4B3D3F150}"
EndProject
Project("{FAE04EC0-301F-11D3-BF4B-00C04F79EFBC}") = "MathApi.Tests", "MathApi.Tests\MathApi.Tests.csproj", "{3FC3774D-ED51-46EE-B46E-AFB1BC9590D9}"
EndProject
Global
	GlobalSection(SolutionConfigurationPlatforms) = preSolution
		Debug|Any CPU = Debug|Any CPU
		Release|Any CPU = Release|Any CPU
	EndGlobalSection
	GlobalSection(SolutionProperties) = preSolution
		HideSolutionNode = FALSE
	EndGlobalSection
	GlobalSection(ProjectConfigurationPlatforms) = postSolution
		{D20E6B38-C357-4199-8902-E9F4B3D3F150}.Debug|Any CPU.ActiveCfg = Debug|Any CPU
		{D20E6B38-C357-4199-8902-E9F4B3D3F150}.Debug|Any CPU.Build.0 = Debug|Any CPU
		{D20E6B38-C357-4199-8902-E9F4B3D3F150}.Release|Any CPU.ActiveCfg = Release|Any CPU
		{D20E6B38-C357-4199-8902-E9F4B3D3F150}.Release|Any CPU.Build.0 = Release|Any CPU
		{3FC3774D-ED51-46EE-B46E-AFB1BC9590D9}.Debug|Any CPU.ActiveCfg = Debug|Any CPU
		{3FC3774D-ED51-46EE-B46E-AFB1BC9590D9}.Debug|Any CPU.Build.0 = Debug|Any CPU
		{3FC3774D-ED51-46EE-B46E-AFB1BC9590D9}.Release|Any CPU.ActiveCfg = Release|Any CPU
		{3FC3774D-ED51-46EE-B46E-AFB1BC9590D9}.Release|Any CPU.Build.0 = Release|Any CPU
	EndGlobalSection
EndGlobal
